// !$*UTF8*$!
{
	archiveVersion = 1;
	classes = {
	};
	objectVersion = 50;
	objects = {

/* Begin PBXBuildFile section */
		04D0C83C9CA997E4AC5C4DDD /* libPods-SMSSheep.a in Frameworks */ = {isa = PBXBuildFile; fileRef = 5F3E297260BED1B375B574CC /* libPods-SMSSheep.a */; };
		4014F3E52269D75400B27A1D /* SMSPredict.m in Sources */ = {isa = PBXBuildFile; fileRef = 40F1ECEF226815A40057CA91 /* SMSPredict.m */; };
		4014F3E62269D76500B27A1D /* SMSHomeVC.m in Sources */ = {isa = PBXBuildFile; fileRef = 40F1ECBC22680F1C0057CA91 /* SMSHomeVC.m */; };
		4014F3E72269D78600B27A1D /* PredictSMS.mlmodel in Sources */ = {isa = PBXBuildFile; fileRef = 40F1ECBA22680F1C0057CA91 /* PredictSMS.mlmodel */; };
		4014F3E82269D79A00B27A1D /* ObjcJiebaWrapper.mm in Sources */ = {isa = PBXBuildFile; fileRef = 40F1ECEC226810C30057CA91 /* ObjcJiebaWrapper.mm */; };
		4014F3E92269D99800B27A1D /* feature.txt in Resources */ = {isa = PBXBuildFile; fileRef = 40F1ECE622680F1C0057CA91 /* feature.txt */; };
		40F1ECA722674E450057CA91 /* main.m in Sources */ = {isa = PBXBuildFile; fileRef = 40F1ECA622674E450057CA91 /* main.m */; };
		40F1ECB522674F420057CA91 /* AppDelegate.m in Sources */ = {isa = PBXBuildFile; fileRef = 40F1ECB022674F410057CA91 /* AppDelegate.m */; };
		40F1ECB622674F420057CA91 /* Assets.xcassets in Resources */ = {isa = PBXBuildFile; fileRef = 40F1ECB322674F420057CA91 /* Assets.xcassets */; };
		40F1ECE722680F1C0057CA91 /* PredictSMS.mlmodel in Sources */ = {isa = PBXBuildFile; fileRef = 40F1ECBA22680F1C0057CA91 /* PredictSMS.mlmodel */; };
		40F1ECE822680F1C0057CA91 /* SMSHomeVC.m in Sources */ = {isa = PBXBuildFile; fileRef = 40F1ECBC22680F1C0057CA91 /* SMSHomeVC.m */; };
		40F1ECE922680F1C0057CA91 /* iosjieba.bundle in Resources */ = {isa = PBXBuildFile; fileRef = 40F1ECC022680F1C0057CA91 /* iosjieba.bundle */; };
		40F1ECEA22680F1C0057CA91 /* feature.txt in Resources */ = {isa = PBXBuildFile; fileRef = 40F1ECE622680F1C0057CA91 /* feature.txt */; };
		40F1ECED226810C30057CA91 /* ObjcJiebaWrapper.mm in Sources */ = {isa = PBXBuildFile; fileRef = 40F1ECEC226810C30057CA91 /* ObjcJiebaWrapper.mm */; };
		40F1ECF0226815A40057CA91 /* SMSPredict.m in Sources */ = {isa = PBXBuildFile; fileRef = 40F1ECEF226815A40057CA91 /* SMSPredict.m */; };
		40F1ECF922681C2A0057CA91 /* MessageFilterExtension.m in Sources */ = {isa = PBXBuildFile; fileRef = 40F1ECF822681C2A0057CA91 /* MessageFilterExtension.m */; };
		40F1ECFD22681C2A0057CA91 /* SMSFilter.appex in Embed App Extensions */ = {isa = PBXBuildFile; fileRef = 40F1ECF522681C2A0057CA91 /* SMSFilter.appex */; settings = {ATTRIBUTES = (RemoveHeadersOnCopy, ); }; };
/* End PBXBuildFile section */

/* Begin PBXContainerItemProxy section */
		40F1ECFB22681C2A0057CA91 /* PBXContainerItemProxy */ = {
			isa = PBXContainerItemProxy;
			containerPortal = 40F1EC8C22674E440057CA91 /* Project object */;
			proxyType = 1;
			remoteGlobalIDString = 40F1ECF422681C2A0057CA91;
			remoteInfo = SMSFilter;
		};
/* End PBXContainerItemProxy section */

/* Begin PBXCopyFilesBuildPhase section */
		40F1ED0122681C2A0057CA91 /* Embed App Extensions */ = {
			isa = PBXCopyFilesBuildPhase;
			buildActionMask = 2147483647;
			dstPath = "";
			dstSubfolderSpec = 13;
			files = (
				40F1ECFD22681C2A0057CA91 /* SMSFilter.appex in Embed App Extensions */,
			);
			name = "Embed App Extensions";
			runOnlyForDeploymentPostprocessing = 0;
		};
/* End PBXCopyFilesBuildPhase section */

/* Begin PBXFileReference section */
		00ED0606A50F797F7169DB78 /* Pods-SMSSheep.debug.xcconfig */ = {isa = PBXFileReference; includeInIndex = 1; lastKnownFileType = text.xcconfig; name = "Pods-SMSSheep.debug.xcconfig"; path = "Pods/Target Support Files/Pods-SMSSheep/Pods-SMSSheep.debug.xcconfig"; sourceTree = "<group>"; };
		4014F3E32269AC6B00B27A1D /* SMSSheep.entitlements */ = {isa = PBXFileReference; lastKnownFileType = text.plist.entitlements; path = SMSSheep.entitlements; sourceTree = "<group>"; };
		40F1EC9422674E440057CA91 /* SMSSheep.app */ = {isa = PBXFileReference; explicitFileType = wrapper.application; includeInIndex = 0; path = SMSSheep.app; sourceTree = BUILT_PRODUCTS_DIR; };
		40F1ECA522674E450057CA91 /* Info.plist */ = {isa = PBXFileReference; lastKnownFileType = text.plist.xml; path = Info.plist; sourceTree = "<group>"; };
		40F1ECA622674E450057CA91 /* main.m */ = {isa = PBXFileReference; lastKnownFileType = sourcecode.c.objc; path = main.m; sourceTree = "<group>"; };
		40F1ECAE22674F410057CA91 /* AppDelegate.h */ = {isa = PBXFileReference; fileEncoding = 4; lastKnownFileType = sourcecode.c.h; path = AppDelegate.h; sourceTree = "<group>"; };
		40F1ECB022674F410057CA91 /* AppDelegate.m */ = {isa = PBXFileReference; fileEncoding = 4; lastKnownFileType = sourcecode.c.objc; path = AppDelegate.m; sourceTree = "<group>"; };
		40F1ECB322674F420057CA91 /* Assets.xcassets */ = {isa = PBXFileReference; lastKnownFileType = folder.assetcatalog; path = Assets.xcassets; sourceTree = "<group>"; };
		40F1ECBA22680F1C0057CA91 /* PredictSMS.mlmodel */ = {isa = PBXFileReference; lastKnownFileType = file.mlmodel; path = PredictSMS.mlmodel; sourceTree = "<group>"; };
		40F1ECBC22680F1C0057CA91 /* SMSHomeVC.m */ = {isa = PBXFileReference; fileEncoding = 4; lastKnownFileType = sourcecode.c.objc; path = SMSHomeVC.m; sourceTree = "<group>"; };
		40F1ECBD22680F1C0057CA91 /* SMSHomeVC.h */ = {isa = PBXFileReference; fileEncoding = 4; lastKnownFileType = sourcecode.c.h; path = SMSHomeVC.h; sourceTree = "<group>"; };
		40F1ECC022680F1C0057CA91 /* iosjieba.bundle */ = {isa = PBXFileReference; lastKnownFileType = "wrapper.plug-in"; path = iosjieba.bundle; sourceTree = "<group>"; };
		40F1ECC222680F1C0057CA91 /* DictTrie.hpp */ = {isa = PBXFileReference; fileEncoding = 4; lastKnownFileType = sourcecode.cpp.h; path = DictTrie.hpp; sourceTree = "<group>"; };
		40F1ECC322680F1C0057CA91 /* Unicode.hpp */ = {isa = PBXFileReference; fileEncoding = 4; lastKnownFileType = sourcecode.cpp.h; path = Unicode.hpp; sourceTree = "<group>"; };
		40F1ECC422680F1C0057CA91 /* PreFilter.hpp */ = {isa = PBXFileReference; fileEncoding = 4; lastKnownFileType = sourcecode.cpp.h; path = PreFilter.hpp; sourceTree = "<group>"; };
		40F1ECC522680F1C0057CA91 /* FullSegment.hpp */ = {isa = PBXFileReference; fileEncoding = 4; lastKnownFileType = sourcecode.cpp.h; path = FullSegment.hpp; sourceTree = "<group>"; };
		40F1ECC622680F1C0057CA91 /* MixSegment.hpp */ = {isa = PBXFileReference; fileEncoding = 4; lastKnownFileType = sourcecode.cpp.h; path = MixSegment.hpp; sourceTree = "<group>"; };
		40F1ECC722680F1C0057CA91 /* MPSegment.hpp */ = {isa = PBXFileReference; fileEncoding = 4; lastKnownFileType = sourcecode.cpp.h; path = MPSegment.hpp; sourceTree = "<group>"; };
		40F1ECC822680F1C0057CA91 /* KeywordExtractor.hpp */ = {isa = PBXFileReference; fileEncoding = 4; lastKnownFileType = sourcecode.cpp.h; path = KeywordExtractor.hpp; sourceTree = "<group>"; };
		40F1ECC922680F1C0057CA91 /* Jieba.hpp */ = {isa = PBXFileReference; fileEncoding = 4; lastKnownFileType = sourcecode.cpp.h; path = Jieba.hpp; sourceTree = "<group>"; };
		40F1ECCA22680F1C0057CA91 /* TextRankExtractor.hpp */ = {isa = PBXFileReference; fileEncoding = 4; lastKnownFileType = sourcecode.cpp.h; path = TextRankExtractor.hpp; sourceTree = "<group>"; };
		40F1ECCB22680F1C0057CA91 /* PosTagger.hpp */ = {isa = PBXFileReference; fileEncoding = 4; lastKnownFileType = sourcecode.cpp.h; path = PosTagger.hpp; sourceTree = "<group>"; };
		40F1ECCC22680F1C0057CA91 /* Trie.hpp */ = {isa = PBXFileReference; fileEncoding = 4; lastKnownFileType = sourcecode.cpp.h; path = Trie.hpp; sourceTree = "<group>"; };
		40F1ECCE22680F1C0057CA91 /* ThreadPool.hpp */ = {isa = PBXFileReference; fileEncoding = 4; lastKnownFileType = sourcecode.cpp.h; path = ThreadPool.hpp; sourceTree = "<group>"; };
		40F1ECCF22680F1C0057CA91 /* Colors.hpp */ = {isa = PBXFileReference; fileEncoding = 4; lastKnownFileType = sourcecode.cpp.h; path = Colors.hpp; sourceTree = "<group>"; };
		40F1ECD022680F1C0057CA91 /* StdExtension.hpp */ = {isa = PBXFileReference; fileEncoding = 4; lastKnownFileType = sourcecode.cpp.h; path = StdExtension.hpp; sourceTree = "<group>"; };
		40F1ECD122680F1C0057CA91 /* StringUtil.hpp */ = {isa = PBXFileReference; fileEncoding = 4; lastKnownFileType = sourcecode.cpp.h; path = StringUtil.hpp; sourceTree = "<group>"; };
		40F1ECD222680F1C0057CA91 /* LocalVector.hpp */ = {isa = PBXFileReference; fileEncoding = 4; lastKnownFileType = sourcecode.cpp.h; path = LocalVector.hpp; sourceTree = "<group>"; };
		40F1ECD322680F1C0057CA91 /* BlockingQueue.hpp */ = {isa = PBXFileReference; fileEncoding = 4; lastKnownFileType = sourcecode.cpp.h; path = BlockingQueue.hpp; sourceTree = "<group>"; };
		40F1ECD422680F1C0057CA91 /* Closure.hpp */ = {isa = PBXFileReference; fileEncoding = 4; lastKnownFileType = sourcecode.cpp.h; path = Closure.hpp; sourceTree = "<group>"; };
		40F1ECD522680F1C0057CA91 /* Config.hpp */ = {isa = PBXFileReference; fileEncoding = 4; lastKnownFileType = sourcecode.cpp.h; path = Config.hpp; sourceTree = "<group>"; };
		40F1ECD622680F1C0057CA91 /* ForcePublic.hpp */ = {isa = PBXFileReference; fileEncoding = 4; lastKnownFileType = sourcecode.cpp.h; path = ForcePublic.hpp; sourceTree = "<group>"; };
		40F1ECD722680F1C0057CA91 /* BoundedQueue.hpp */ = {isa = PBXFileReference; fileEncoding = 4; lastKnownFileType = sourcecode.cpp.h; path = BoundedQueue.hpp; sourceTree = "<group>"; };
		40F1ECD822680F1C0057CA91 /* ArgvContext.hpp */ = {isa = PBXFileReference; fileEncoding = 4; lastKnownFileType = sourcecode.cpp.h; path = ArgvContext.hpp; sourceTree = "<group>"; };
		40F1ECD922680F1C0057CA91 /* Condition.hpp */ = {isa = PBXFileReference; fileEncoding = 4; lastKnownFileType = sourcecode.cpp.h; path = Condition.hpp; sourceTree = "<group>"; };
		40F1ECDA22680F1C0057CA91 /* Md5.hpp */ = {isa = PBXFileReference; fileEncoding = 4; lastKnownFileType = sourcecode.cpp.h; path = Md5.hpp; sourceTree = "<group>"; };
		40F1ECDB22680F1C0057CA91 /* Thread.hpp */ = {isa = PBXFileReference; fileEncoding = 4; lastKnownFileType = sourcecode.cpp.h; path = Thread.hpp; sourceTree = "<group>"; };
		40F1ECDC22680F1C0057CA91 /* MutexLock.hpp */ = {isa = PBXFileReference; fileEncoding = 4; lastKnownFileType = sourcecode.cpp.h; path = MutexLock.hpp; sourceTree = "<group>"; };
		40F1ECDD22680F1C0057CA91 /* FileLock.hpp */ = {isa = PBXFileReference; fileEncoding = 4; lastKnownFileType = sourcecode.cpp.h; path = FileLock.hpp; sourceTree = "<group>"; };
		40F1ECDE22680F1C0057CA91 /* Logging.hpp */ = {isa = PBXFileReference; fileEncoding = 4; lastKnownFileType = sourcecode.cpp.h; path = Logging.hpp; sourceTree = "<group>"; };
		40F1ECDF22680F1C0057CA91 /* NonCopyable.hpp */ = {isa = PBXFileReference; fileEncoding = 4; lastKnownFileType = sourcecode.cpp.h; path = NonCopyable.hpp; sourceTree = "<group>"; };
		40F1ECE022680F1C0057CA91 /* BoundedBlockingQueue.hpp */ = {isa = PBXFileReference; fileEncoding = 4; lastKnownFileType = sourcecode.cpp.h; path = BoundedBlockingQueue.hpp; sourceTree = "<group>"; };
		40F1ECE122680F1C0057CA91 /* QuerySegment.hpp */ = {isa = PBXFileReference; fileEncoding = 4; lastKnownFileType = sourcecode.cpp.h; path = QuerySegment.hpp; sourceTree = "<group>"; };
		40F1ECE222680F1C0057CA91 /* SegmentTagged.hpp */ = {isa = PBXFileReference; fileEncoding = 4; lastKnownFileType = sourcecode.cpp.h; path = SegmentTagged.hpp; sourceTree = "<group>"; };
		40F1ECE322680F1C0057CA91 /* HMMModel.hpp */ = {isa = PBXFileReference; fileEncoding = 4; lastKnownFileType = sourcecode.cpp.h; path = HMMModel.hpp; sourceTree = "<group>"; };
		40F1ECE422680F1C0057CA91 /* SegmentBase.hpp */ = {isa = PBXFileReference; fileEncoding = 4; lastKnownFileType = sourcecode.cpp.h; path = SegmentBase.hpp; sourceTree = "<group>"; };
		40F1ECE522680F1C0057CA91 /* HMMSegment.hpp */ = {isa = PBXFileReference; fileEncoding = 4; lastKnownFileType = sourcecode.cpp.h; path = HMMSegment.hpp; sourceTree = "<group>"; };
		40F1ECE622680F1C0057CA91 /* feature.txt */ = {isa = PBXFileReference; fileEncoding = 4; lastKnownFileType = text; path = feature.txt; sourceTree = "<group>"; };
		40F1ECEB226810C30057CA91 /* ObjcJiebaWrapper.h */ = {isa = PBXFileReference; lastKnownFileType = sourcecode.c.h; path = ObjcJiebaWrapper.h; sourceTree = "<group>"; };
		40F1ECEC226810C30057CA91 /* ObjcJiebaWrapper.mm */ = {isa = PBXFileReference; lastKnownFileType = sourcecode.cpp.objcpp; path = ObjcJiebaWrapper.mm; sourceTree = "<group>"; };
		40F1ECEE226815A40057CA91 /* SMSPredict.h */ = {isa = PBXFileReference; lastKnownFileType = sourcecode.c.h; path = SMSPredict.h; sourceTree = "<group>"; };
		40F1ECEF226815A40057CA91 /* SMSPredict.m */ = {isa = PBXFileReference; lastKnownFileType = sourcecode.c.objc; path = SMSPredict.m; sourceTree = "<group>"; };
		40F1ECF522681C2A0057CA91 /* SMSFilter.appex */ = {isa = PBXFileReference; explicitFileType = "wrapper.app-extension"; includeInIndex = 0; path = SMSFilter.appex; sourceTree = BUILT_PRODUCTS_DIR; };
		40F1ECF722681C2A0057CA91 /* MessageFilterExtension.h */ = {isa = PBXFileReference; lastKnownFileType = sourcecode.c.h; path = MessageFilterExtension.h; sourceTree = "<group>"; };
		40F1ECF822681C2A0057CA91 /* MessageFilterExtension.m */ = {isa = PBXFileReference; lastKnownFileType = sourcecode.c.objc; path = MessageFilterExtension.m; sourceTree = "<group>"; };
		40F1ECFA22681C2A0057CA91 /* Info.plist */ = {isa = PBXFileReference; lastKnownFileType = text.plist.xml; path = Info.plist; sourceTree = "<group>"; };
		40F1ED02226823790057CA91 /* SMSFilter.entitlements */ = {isa = PBXFileReference; lastKnownFileType = text.plist.entitlements; path = SMSFilter.entitlements; sourceTree = "<group>"; };
		5F3E297260BED1B375B574CC /* libPods-SMSSheep.a */ = {isa = PBXFileReference; explicitFileType = archive.ar; includeInIndex = 0; path = "libPods-SMSSheep.a"; sourceTree = BUILT_PRODUCTS_DIR; };
		FD95991EE6B2AC0A10CC2639 /* Pods-SMSSheep.release.xcconfig */ = {isa = PBXFileReference; includeInIndex = 1; lastKnownFileType = text.xcconfig; name = "Pods-SMSSheep.release.xcconfig"; path = "Pods/Target Support Files/Pods-SMSSheep/Pods-SMSSheep.release.xcconfig"; sourceTree = "<group>"; };
/* End PBXFileReference section */

/* Begin PBXFrameworksBuildPhase section */
		40F1EC9122674E440057CA91 /* Frameworks */ = {
			isa = PBXFrameworksBuildPhase;
			buildActionMask = 2147483647;
			files = (
				04D0C83C9CA997E4AC5C4DDD /* libPods-SMSSheep.a in Frameworks */,
			);
			runOnlyForDeploymentPostprocessing = 0;
		};
		40F1ECF222681C2A0057CA91 /* Frameworks */ = {
			isa = PBXFrameworksBuildPhase;
			buildActionMask = 2147483647;
			files = (
			);
			runOnlyForDeploymentPostprocessing = 0;
		};
/* End PBXFrameworksBuildPhase section */

/* Begin PBXGroup section */
		3EE3FF4DB595B0DB7967C809 /* Pods */ = {
			isa = PBXGroup;
			children = (
				00ED0606A50F797F7169DB78 /* Pods-SMSSheep.debug.xcconfig */,
				FD95991EE6B2AC0A10CC2639 /* Pods-SMSSheep.release.xcconfig */,
			);
			name = Pods;
			sourceTree = "<group>";
		};
		40F1EC8B22674E440057CA91 = {
			isa = PBXGroup;
			children = (
				40F1EC9622674E440057CA91 /* SMSSheep */,
				40F1ECF622681C2A0057CA91 /* SMSFilter */,
				40F1EC9522674E440057CA91 /* Products */,
				3EE3FF4DB595B0DB7967C809 /* Pods */,
				DCD20C834B56F43A6F1EACD0 /* Frameworks */,
			);
			sourceTree = "<group>";
		};
		40F1EC9522674E440057CA91 /* Products */ = {
			isa = PBXGroup;
			children = (
				40F1EC9422674E440057CA91 /* SMSSheep.app */,
				40F1ECF522681C2A0057CA91 /* SMSFilter.appex */,
			);
			name = Products;
			sourceTree = "<group>";
		};
		40F1EC9622674E440057CA91 /* SMSSheep */ = {
			isa = PBXGroup;
			children = (
				4014F3E32269AC6B00B27A1D /* SMSSheep.entitlements */,
				40F1ECAD22674F410057CA91 /* Classes */,
				40F1ECB222674F420057CA91 /* Resources */,
				40F1ECA522674E450057CA91 /* Info.plist */,
				40F1ECA622674E450057CA91 /* main.m */,
			);
			path = SMSSheep;
			sourceTree = "<group>";
		};
		40F1ECAD22674F410057CA91 /* Classes */ = {
			isa = PBXGroup;
			children = (
				40F1ECAE22674F410057CA91 /* AppDelegate.h */,
				40F1ECB022674F410057CA91 /* AppDelegate.m */,
				40F1ECBA22680F1C0057CA91 /* PredictSMS.mlmodel */,
				40F1ECE622680F1C0057CA91 /* feature.txt */,
				40F1ECBB22680F1C0057CA91 /* Modules */,
				40F1ECBE22680F1C0057CA91 /* Vendors */,
			);
			path = Classes;
			sourceTree = "<group>";
		};
		40F1ECB222674F420057CA91 /* Resources */ = {
			isa = PBXGroup;
			children = (
				40F1ECB322674F420057CA91 /* Assets.xcassets */,
			);
			path = Resources;
			sourceTree = "<group>";
		};
		40F1ECBB22680F1C0057CA91 /* Modules */ = {
			isa = PBXGroup;
			children = (
				40F1ECBC22680F1C0057CA91 /* SMSHomeVC.m */,
				40F1ECBD22680F1C0057CA91 /* SMSHomeVC.h */,
				40F1ECEE226815A40057CA91 /* SMSPredict.h */,
				40F1ECEF226815A40057CA91 /* SMSPredict.m */,
			);
			path = Modules;
			sourceTree = "<group>";
		};
		40F1ECBE22680F1C0057CA91 /* Vendors */ = {
			isa = PBXGroup;
			children = (
				40F1ECBF22680F1C0057CA91 /* iOSJieba */,
			);
			path = Vendors;
			sourceTree = "<group>";
		};
		40F1ECBF22680F1C0057CA91 /* iOSJieba */ = {
			isa = PBXGroup;
			children = (
				40F1ECC022680F1C0057CA91 /* iosjieba.bundle */,
				40F1ECC122680F1C0057CA91 /* cppjieba */,
				40F1ECEB226810C30057CA91 /* ObjcJiebaWrapper.h */,
				40F1ECEC226810C30057CA91 /* ObjcJiebaWrapper.mm */,
			);
			path = iOSJieba;
			sourceTree = "<group>";
		};
		40F1ECC122680F1C0057CA91 /* cppjieba */ = {
			isa = PBXGroup;
			children = (
				40F1ECC222680F1C0057CA91 /* DictTrie.hpp */,
				40F1ECC322680F1C0057CA91 /* Unicode.hpp */,
				40F1ECC422680F1C0057CA91 /* PreFilter.hpp */,
				40F1ECC522680F1C0057CA91 /* FullSegment.hpp */,
				40F1ECC622680F1C0057CA91 /* MixSegment.hpp */,
				40F1ECC722680F1C0057CA91 /* MPSegment.hpp */,
				40F1ECC822680F1C0057CA91 /* KeywordExtractor.hpp */,
				40F1ECC922680F1C0057CA91 /* Jieba.hpp */,
				40F1ECCA22680F1C0057CA91 /* TextRankExtractor.hpp */,
				40F1ECCB22680F1C0057CA91 /* PosTagger.hpp */,
				40F1ECCC22680F1C0057CA91 /* Trie.hpp */,
				40F1ECCD22680F1C0057CA91 /* limonp */,
				40F1ECE122680F1C0057CA91 /* QuerySegment.hpp */,
				40F1ECE222680F1C0057CA91 /* SegmentTagged.hpp */,
				40F1ECE322680F1C0057CA91 /* HMMModel.hpp */,
				40F1ECE422680F1C0057CA91 /* SegmentBase.hpp */,
				40F1ECE522680F1C0057CA91 /* HMMSegment.hpp */,
			);
			path = cppjieba;
			sourceTree = "<group>";
		};
		40F1ECCD22680F1C0057CA91 /* limonp */ = {
			isa = PBXGroup;
			children = (
				40F1ECCE22680F1C0057CA91 /* ThreadPool.hpp */,
				40F1ECCF22680F1C0057CA91 /* Colors.hpp */,
				40F1ECD022680F1C0057CA91 /* StdExtension.hpp */,
				40F1ECD122680F1C0057CA91 /* StringUtil.hpp */,
				40F1ECD222680F1C0057CA91 /* LocalVector.hpp */,
				40F1ECD322680F1C0057CA91 /* BlockingQueue.hpp */,
				40F1ECD422680F1C0057CA91 /* Closure.hpp */,
				40F1ECD522680F1C0057CA91 /* Config.hpp */,
				40F1ECD622680F1C0057CA91 /* ForcePublic.hpp */,
				40F1ECD722680F1C0057CA91 /* BoundedQueue.hpp */,
				40F1ECD822680F1C0057CA91 /* ArgvContext.hpp */,
				40F1ECD922680F1C0057CA91 /* Condition.hpp */,
				40F1ECDA22680F1C0057CA91 /* Md5.hpp */,
				40F1ECDB22680F1C0057CA91 /* Thread.hpp */,
				40F1ECDC22680F1C0057CA91 /* MutexLock.hpp */,
				40F1ECDD22680F1C0057CA91 /* FileLock.hpp */,
				40F1ECDE22680F1C0057CA91 /* Logging.hpp */,
				40F1ECDF22680F1C0057CA91 /* NonCopyable.hpp */,
				40F1ECE022680F1C0057CA91 /* BoundedBlockingQueue.hpp */,
			);
			path = limonp;
			sourceTree = "<group>";
		};
		40F1ECF622681C2A0057CA91 /* SMSFilter */ = {
			isa = PBXGroup;
			children = (
				40F1ED02226823790057CA91 /* SMSFilter.entitlements */,
				40F1ECF722681C2A0057CA91 /* MessageFilterExtension.h */,
				40F1ECF822681C2A0057CA91 /* MessageFilterExtension.m */,
				40F1ECFA22681C2A0057CA91 /* Info.plist */,
			);
			path = SMSFilter;
			sourceTree = "<group>";
		};
		DCD20C834B56F43A6F1EACD0 /* Frameworks */ = {
			isa = PBXGroup;
			children = (
				5F3E297260BED1B375B574CC /* libPods-SMSSheep.a */,
			);
			name = Frameworks;
			sourceTree = "<group>";
		};
/* End PBXGroup section */

/* Begin PBXNativeTarget section */
		40F1EC9322674E440057CA91 /* SMSSheep */ = {
			isa = PBXNativeTarget;
			buildConfigurationList = 40F1ECAA22674E450057CA91 /* Build configuration list for PBXNativeTarget "SMSSheep" */;
			buildPhases = (
				08633BCA8EAFCE0E5F8B0762 /* [CP] Check Pods Manifest.lock */,
				40F1EC9022674E440057CA91 /* Sources */,
				40F1EC9122674E440057CA91 /* Frameworks */,
				40F1EC9222674E440057CA91 /* Resources */,
				40F1ED0122681C2A0057CA91 /* Embed App Extensions */,
			);
			buildRules = (
			);
			dependencies = (
				40F1ECFC22681C2A0057CA91 /* PBXTargetDependency */,
			);
			name = SMSSheep;
			productName = SMSSheep;
			productReference = 40F1EC9422674E440057CA91 /* SMSSheep.app */;
			productType = "com.apple.product-type.application";
		};
		40F1ECF422681C2A0057CA91 /* SMSFilter */ = {
			isa = PBXNativeTarget;
			buildConfigurationList = 40F1ECFE22681C2A0057CA91 /* Build configuration list for PBXNativeTarget "SMSFilter" */;
			buildPhases = (
				40F1ECF122681C2A0057CA91 /* Sources */,
				40F1ECF222681C2A0057CA91 /* Frameworks */,
				40F1ECF322681C2A0057CA91 /* Resources */,
			);
			buildRules = (
			);
			dependencies = (
			);
			name = SMSFilter;
			productName = SMSFilter;
			productReference = 40F1ECF522681C2A0057CA91 /* SMSFilter.appex */;
			productType = "com.apple.product-type.app-extension";
		};
/* End PBXNativeTarget section */

/* Begin PBXProject section */
		40F1EC8C22674E440057CA91 /* Project object */ = {
			isa = PBXProject;
			attributes = {
				LastUpgradeCheck = 1010;
				ORGANIZATIONNAME = ken.liu;
				TargetAttributes = {
					40F1EC9322674E440057CA91 = {
						CreatedOnToolsVersion = 10.1;
						SystemCapabilities = {
							com.apple.ApplicationGroups.iOS = {
								enabled = 1;
							};
						};
					};
					40F1ECF422681C2A0057CA91 = {
						CreatedOnToolsVersion = 10.1;
						SystemCapabilities = {
							com.apple.ApplicationGroups.iOS = {
								enabled = 1;
							};
						};
					};
				};
			};
			buildConfigurationList = 40F1EC8F22674E440057CA91 /* Build configuration list for PBXProject "SMSSheep" */;
			compatibilityVersion = "Xcode 9.3";
			developmentRegion = en;
			hasScannedForEncodings = 0;
			knownRegions = (
				en,
				Base,
			);
			mainGroup = 40F1EC8B22674E440057CA91;
			productRefGroup = 40F1EC9522674E440057CA91 /* Products */;
			projectDirPath = "";
			projectRoot = "";
			targets = (
				40F1EC9322674E440057CA91 /* SMSSheep */,
				40F1ECF422681C2A0057CA91 /* SMSFilter */,
			);
		};
/* End PBXProject section */

/* Begin PBXResourcesBuildPhase section */
		40F1EC9222674E440057CA91 /* Resources */ = {
			isa = PBXResourcesBuildPhase;
			buildActionMask = 2147483647;
			files = (
				40F1ECB622674F420057CA91 /* Assets.xcassets in Resources */,
				40F1ECE922680F1C0057CA91 /* iosjieba.bundle in Resources */,
				40F1ECEA22680F1C0057CA91 /* feature.txt in Resources */,
			);
			runOnlyForDeploymentPostprocessing = 0;
		};
		40F1ECF322681C2A0057CA91 /* Resources */ = {
			isa = PBXResourcesBuildPhase;
			buildActionMask = 2147483647;
			files = (
				4014F3E92269D99800B27A1D /* feature.txt in Resources */,
			);
			runOnlyForDeploymentPostprocessing = 0;
		};
/* End PBXResourcesBuildPhase section */

/* Begin PBXShellScriptBuildPhase section */
		08633BCA8EAFCE0E5F8B0762 /* [CP] Check Pods Manifest.lock */ = {
			isa = PBXShellScriptBuildPhase;
			buildActionMask = 2147483647;
			files = (
			);
			inputFileListPaths = (
			);
			inputPaths = (
				"${PODS_PODFILE_DIR_PATH}/Podfile.lock",
				"${PODS_ROOT}/Manifest.lock",
			);
			name = "[CP] Check Pods Manifest.lock";
			outputFileListPaths = (
			);
			outputPaths = (
				"$(DERIVED_FILE_DIR)/Pods-SMSSheep-checkManifestLockResult.txt",
			);
			runOnlyForDeploymentPostprocessing = 0;
			shellPath = /bin/sh;
			shellScript = "diff \"${PODS_PODFILE_DIR_PATH}/Podfile.lock\" \"${PODS_ROOT}/Manifest.lock\" > /dev/null\nif [ $? != 0 ] ; then\n    # print error to STDERR\n    echo \"error: The sandbox is not in sync with the Podfile.lock. Run 'pod install' or update your CocoaPods installation.\" >&2\n    exit 1\nfi\n# This output is used by Xcode 'outputs' to avoid re-running this script phase.\necho \"SUCCESS\" > \"${SCRIPT_OUTPUT_FILE_0}\"\n";
			showEnvVarsInLog = 0;
		};
/* End PBXShellScriptBuildPhase section */

/* Begin PBXSourcesBuildPhase section */
		40F1EC9022674E440057CA91 /* Sources */ = {
			isa = PBXSourcesBuildPhase;
			buildActionMask = 2147483647;
			files = (
				40F1ECED226810C30057CA91 /* ObjcJiebaWrapper.mm in Sources */,
				40F1ECA722674E450057CA91 /* main.m in Sources */,
				40F1ECE722680F1C0057CA91 /* PredictSMS.mlmodel in Sources */,
				40F1ECF0226815A40057CA91 /* SMSPredict.m in Sources */,
				40F1ECB522674F420057CA91 /* AppDelegate.m in Sources */,
				40F1ECE822680F1C0057CA91 /* SMSHomeVC.m in Sources */,
			);
			runOnlyForDeploymentPostprocessing = 0;
		};
		40F1ECF122681C2A0057CA91 /* Sources */ = {
			isa = PBXSourcesBuildPhase;
			buildActionMask = 2147483647;
			files = (
				4014F3E72269D78600B27A1D /* PredictSMS.mlmodel in Sources */,
				4014F3E82269D79A00B27A1D /* ObjcJiebaWrapper.mm in Sources */,
				4014F3E52269D75400B27A1D /* SMSPredict.m in Sources */,
				40F1ECF922681C2A0057CA91 /* MessageFilterExtension.m in Sources */,
				4014F3E62269D76500B27A1D /* SMSHomeVC.m in Sources */,
			);
			runOnlyForDeploymentPostprocessing = 0;
		};
/* End PBXSourcesBuildPhase section */

/* Begin PBXTargetDependency section */
		40F1ECFC22681C2A0057CA91 /* PBXTargetDependency */ = {
			isa = PBXTargetDependency;
			target = 40F1ECF422681C2A0057CA91 /* SMSFilter */;
			targetProxy = 40F1ECFB22681C2A0057CA91 /* PBXContainerItemProxy */;
		};
/* End PBXTargetDependency section */

/* Begin XCBuildConfiguration section */
		40F1ECA822674E450057CA91 /* Debug */ = {
			isa = XCBuildConfiguration;
			buildSettings = {
				ALWAYS_SEARCH_USER_PATHS = NO;
				CLANG_ANALYZER_NONNULL = YES;
				CLANG_ANALYZER_NUMBER_OBJECT_CONVERSION = YES_AGGRESSIVE;
				CLANG_CXX_LANGUAGE_STANDARD = "gnu++14";
				CLANG_CXX_LIBRARY = "libc++";
				CLANG_ENABLE_MODULES = YES;
				CLANG_ENABLE_OBJC_ARC = YES;
				CLANG_ENABLE_OBJC_WEAK = YES;
				CLANG_WARN_BLOCK_CAPTURE_AUTORELEASING = YES;
				CLANG_WARN_BOOL_CONVERSION = YES;
				CLANG_WARN_COMMA = YES;
				CLANG_WARN_CONSTANT_CONVERSION = YES;
				CLANG_WARN_DEPRECATED_OBJC_IMPLEMENTATIONS = YES;
				CLANG_WARN_DIRECT_OBJC_ISA_USAGE = YES_ERROR;
				CLANG_WARN_DOCUMENTATION_COMMENTS = YES;
				CLANG_WARN_EMPTY_BODY = YES;
				CLANG_WARN_ENUM_CONVERSION = YES;
				CLANG_WARN_INFINITE_RECURSION = YES;
				CLANG_WARN_INT_CONVERSION = YES;
				CLANG_WARN_NON_LITERAL_NULL_CONVERSION = YES;
				CLANG_WARN_OBJC_IMPLICIT_RETAIN_SELF = YES;
				CLANG_WARN_OBJC_LITERAL_CONVERSION = YES;
				CLANG_WARN_OBJC_ROOT_CLASS = YES_ERROR;
				CLANG_WARN_RANGE_LOOP_ANALYSIS = YES;
				CLANG_WARN_STRICT_PROTOTYPES = YES;
				CLANG_WARN_SUSPICIOUS_MOVE = YES;
				CLANG_WARN_UNGUARDED_AVAILABILITY = YES_AGGRESSIVE;
				CLANG_WARN_UNREACHABLE_CODE = YES;
				CLANG_WARN__DUPLICATE_METHOD_MATCH = YES;
				CODE_SIGN_IDENTITY = "iPhone Developer";
				COPY_PHASE_STRIP = NO;
				DEBUG_INFORMATION_FORMAT = dwarf;
				ENABLE_STRICT_OBJC_MSGSEND = YES;
				ENABLE_TESTABILITY = YES;
				GCC_C_LANGUAGE_STANDARD = gnu11;
				GCC_DYNAMIC_NO_PIC = NO;
				GCC_NO_COMMON_BLOCKS = YES;
				GCC_OPTIMIZATION_LEVEL = 0;
				GCC_PREPROCESSOR_DEFINITIONS = (
					"DEBUG=1",
					"$(inherited)",
				);
				GCC_WARN_64_TO_32_BIT_CONVERSION = YES;
				GCC_WARN_ABOUT_RETURN_TYPE = YES_ERROR;
				GCC_WARN_UNDECLARED_SELECTOR = YES;
				GCC_WARN_UNINITIALIZED_AUTOS = YES_AGGRESSIVE;
				GCC_WARN_UNUSED_FUNCTION = YES;
				GCC_WARN_UNUSED_VARIABLE = YES;
				IPHONEOS_DEPLOYMENT_TARGET = 12.1;
				MTL_ENABLE_DEBUG_INFO = INCLUDE_SOURCE;
				MTL_FAST_MATH = YES;
				ONLY_ACTIVE_ARCH = YES;
				SDKROOT = iphoneos;
			};
			name = Debug;
		};
		40F1ECA922674E450057CA91 /* Release */ = {
			isa = XCBuildConfiguration;
			buildSettings = {
				ALWAYS_SEARCH_USER_PATHS = NO;
				CLANG_ANALYZER_NONNULL = YES;
				CLANG_ANALYZER_NUMBER_OBJECT_CONVERSION = YES_AGGRESSIVE;
				CLANG_CXX_LANGUAGE_STANDARD = "gnu++14";
				CLANG_CXX_LIBRARY = "libc++";
				CLANG_ENABLE_MODULES = YES;
				CLANG_ENABLE_OBJC_ARC = YES;
				CLANG_ENABLE_OBJC_WEAK = YES;
				CLANG_WARN_BLOCK_CAPTURE_AUTORELEASING = YES;
				CLANG_WARN_BOOL_CONVERSION = YES;
				CLANG_WARN_COMMA = YES;
				CLANG_WARN_CONSTANT_CONVERSION = YES;
				CLANG_WARN_DEPRECATED_OBJC_IMPLEMENTATIONS = YES;
				CLANG_WARN_DIRECT_OBJC_ISA_USAGE = YES_ERROR;
				CLANG_WARN_DOCUMENTATION_COMMENTS = YES;
				CLANG_WARN_EMPTY_BODY = YES;
				CLANG_WARN_ENUM_CONVERSION = YES;
				CLANG_WARN_INFINITE_RECURSION = YES;
				CLANG_WARN_INT_CONVERSION = YES;
				CLANG_WARN_NON_LITERAL_NULL_CONVERSION = YES;
				CLANG_WARN_OBJC_IMPLICIT_RETAIN_SELF = YES;
				CLANG_WARN_OBJC_LITERAL_CONVERSION = YES;
				CLANG_WARN_OBJC_ROOT_CLASS = YES_ERROR;
				CLANG_WARN_RANGE_LOOP_ANALYSIS = YES;
				CLANG_WARN_STRICT_PROTOTYPES = YES;
				CLANG_WARN_SUSPICIOUS_MOVE = YES;
				CLANG_WARN_UNGUARDED_AVAILABILITY = YES_AGGRESSIVE;
				CLANG_WARN_UNREACHABLE_CODE = YES;
				CLANG_WARN__DUPLICATE_METHOD_MATCH = YES;
				CODE_SIGN_IDENTITY = "iPhone Developer";
				COPY_PHASE_STRIP = NO;
				DEBUG_INFORMATION_FORMAT = "dwarf-with-dsym";
				ENABLE_NS_ASSERTIONS = NO;
				ENABLE_STRICT_OBJC_MSGSEND = YES;
				GCC_C_LANGUAGE_STANDARD = gnu11;
				GCC_NO_COMMON_BLOCKS = YES;
				GCC_WARN_64_TO_32_BIT_CONVERSION = YES;
				GCC_WARN_ABOUT_RETURN_TYPE = YES_ERROR;
				GCC_WARN_UNDECLARED_SELECTOR = YES;
				GCC_WARN_UNINITIALIZED_AUTOS = YES_AGGRESSIVE;
				GCC_WARN_UNUSED_FUNCTION = YES;
				GCC_WARN_UNUSED_VARIABLE = YES;
				IPHONEOS_DEPLOYMENT_TARGET = 12.1;
				MTL_ENABLE_DEBUG_INFO = NO;
				MTL_FAST_MATH = YES;
				SDKROOT = iphoneos;
				VALIDATE_PRODUCT = YES;
			};
			name = Release;
		};
		40F1ECAB22674E450057CA91 /* Debug */ = {
			isa = XCBuildConfiguration;
			baseConfigurationReference = 00ED0606A50F797F7169DB78 /* Pods-SMSSheep.debug.xcconfig */;
			buildSettings = {
				ASSETCATALOG_COMPILER_APPICON_NAME = AppIcon;
				ASSETCATALOG_COMPILER_LAUNCHIMAGE_NAME = LaunchImage;
				CODE_SIGN_ENTITLEMENTS = SMSSheep/SMSSheep.entitlements;
				CODE_SIGN_STYLE = Manual;
				DEVELOPMENT_TEAM = VPE4QH4M75;
				INFOPLIST_FILE = SMSSheep/Info.plist;
				IPHONEOS_DEPLOYMENT_TARGET = 11.0;
				LD_RUNPATH_SEARCH_PATHS = (
					"$(inherited)",
					"@executable_path/Frameworks",
				);
				PRODUCT_BUNDLE_IDENTIFIER = com.axd.SMS;
				PRODUCT_NAME = "$(TARGET_NAME)";
				PROVISIONING_PROFILE_SPECIFIER = "sms-dev";
				TARGETED_DEVICE_FAMILY = 1;
			};
			name = Debug;
		};
		40F1ECAC22674E450057CA91 /* Release */ = {
			isa = XCBuildConfiguration;
			baseConfigurationReference = FD95991EE6B2AC0A10CC2639 /* Pods-SMSSheep.release.xcconfig */;
			buildSettings = {
				ASSETCATALOG_COMPILER_APPICON_NAME = AppIcon;
				ASSETCATALOG_COMPILER_LAUNCHIMAGE_NAME = LaunchImage;
				CODE_SIGN_ENTITLEMENTS = SMSSheep/SMSSheep.entitlements;
				CODE_SIGN_STYLE = Manual;
				DEVELOPMENT_TEAM = VPE4QH4M75;
				INFOPLIST_FILE = SMSSheep/Info.plist;
				IPHONEOS_DEPLOYMENT_TARGET = 11.0;
				LD_RUNPATH_SEARCH_PATHS = (
					"$(inherited)",
					"@executable_path/Frameworks",
				);
				PRODUCT_BUNDLE_IDENTIFIER = com.axd.SMS;
				PRODUCT_NAME = "$(TARGET_NAME)";
				PROVISIONING_PROFILE_SPECIFIER = "sms-dev";
				TARGETED_DEVICE_FAMILY = 1;
			};
			name = Release;
		};
		40F1ECFF22681C2A0057CA91 /* Debug */ = {
			isa = XCBuildConfiguration;
			buildSettings = {
				CODE_SIGN_ENTITLEMENTS = SMSFilter/SMSFilter.entitlements;
				CODE_SIGN_STYLE = Manual;
				DEVELOPMENT_TEAM = VPE4QH4M75;
				INFOPLIST_FILE = SMSFilter/Info.plist;
				IPHONEOS_DEPLOYMENT_TARGET = 11.0;
				LD_RUNPATH_SEARCH_PATHS = (
					"$(inherited)",
					"@executable_path/Frameworks",
					"@executable_path/../../Frameworks",
				);
				PRODUCT_BUNDLE_IDENTIFIER = com.axd.SMS.SMSFilter;
				PRODUCT_NAME = "$(TARGET_NAME)";
				PROVISIONING_PROFILE_SPECIFIER = "smsfilter-dev";
				SKIP_INSTALL = YES;
				TARGETED_DEVICE_FAMILY = 1;
			};
			name = Debug;
		};
		40F1ED0022681C2A0057CA91 /* Release */ = {
			isa = XCBuildConfiguration;
			buildSettings = {
				CODE_SIGN_ENTITLEMENTS = SMSFilter/SMSFilter.entitlements;
				CODE_SIGN_STYLE = Manual;
				DEVELOPMENT_TEAM = VPE4QH4M75;
				INFOPLIST_FILE = SMSFilter/Info.plist;
				IPHONEOS_DEPLOYMENT_TARGET = 11.0;
				LD_RUNPATH_SEARCH_PATHS = (
					"$(inherited)",
					"@executable_path/Frameworks",
					"@executable_path/../../Frameworks",
				);
				PRODUCT_BUNDLE_IDENTIFIER = com.axd.SMS.SMSFilter;
				PRODUCT_NAME = "$(TARGET_NAME)";
				PROVISIONING_PROFILE_SPECIFIER = "smsfilter-dev";
				SKIP_INSTALL = YES;
				TARGETED_DEVICE_FAMILY = 1;
			};
			name = Release;
		};
/* End XCBuildConfiguration section */

/* Begin XCConfigurationList section */
		40F1EC8F22674E440057CA91 /* Build configuration list for PBXProject "SMSSheep" */ = {
			isa = XCConfigurationList;
			buildConfigurations = (
				40F1ECA822674E450057CA91 /* Debug */,
				40F1ECA922674E450057CA91 /* Release */,
			);
			defaultConfigurationIsVisible = 0;
			defaultConfigurationName = Release;
		};
		40F1ECAA22674E450057CA91 /* Build configuration list for PBXNativeTarget "SMSSheep" */ = {
			isa = XCConfigurationList;
			buildConfigurations = (
				40F1ECAB22674E450057CA91 /* Debug */,
				40F1ECAC22674E450057CA91 /* Release */,
			);
			defaultConfigurationIsVisible = 0;
			defaultConfigurationName = Release;
		};
		40F1ECFE22681C2A0057CA91 /* Build configuration list for PBXNativeTarget "SMSFilter" */ = {
			isa = XCConfigurationList;
			buildConfigurations = (
				40F1ECFF22681C2A0057CA91 /* Debug */,
				40F1ED0022681C2A0057CA91 /* Release */,
			);
			defaultConfigurationIsVisible = 0;
			defaultConfigurationName = Release;
		};
/* End XCConfigurationList section */
	};
	rootObject = 40F1EC8C22674E440057CA91 /* Project object */;
}
